
Microsoft Visual Studio Solution File, Format Version 12.00
# Visual Studio 15
VisualStudioVersion = 15.0.26730.8
MinimumVisualStudioVersion = 10.0.40219.1
Project("{FAE04EC0-301F-11D3-BF4B-00C04F79EFBC}") = "Mis.Maptracker", "Mis.Maptracker\Mis.Maptracker.csproj", "{1BBC181B-9277-4C64-A80B-E163874A7641}"
EndProject
Project("{FAE04EC0-301F-11D3-BF4B-00C04F79EFBC}") = "ServerChecker", "ServerChecker\ServerChecker.csproj", "{06DAF8DD-5304-46A1-B23F-947405A5EB40}"
EndProject
Global
	GlobalSection(SolutionConfigurationPlatforms) = preSolution
		Debug|Any CPU = Debug|Any CPU
		Release|Any CPU = Release|Any CPU
	EndGlobalSection
	GlobalSection(ProjectConfigurationPlatforms) = postSolution
		{1BBC181B-9277-4C64-A80B-E163874A7641}.Debug|Any CPU.ActiveCfg = Debug|Any CPU
		{1BBC181B-9277-4C64-A80B-E163874A7641}.Debug|Any CPU.Build.0 = Debug|Any CPU
		{1BBC181B-9277-4C64-A80B-E163874A7641}.Release|Any CPU.ActiveCfg = Release|Any CPU
		{1BBC181B-9277-4C64-A80B-E163874A7641}.Release|Any CPU.Build.0 = Release|Any CPU
		{06DAF8DD-5304-46A1-B23F-947405A5EB40}.Debug|Any CPU.ActiveCfg = Debug|Any CPU
		{06DAF8DD-5304-46A1-B23F-947405A5EB40}.Debug|Any CPU.Build.0 = Debug|Any CPU
		{06DAF8DD-5304-46A1-B23F-947405A5EB40}.Release|Any CPU.ActiveCfg = Release|Any CPU
		{06DAF8DD-5304-46A1-B23F-947405A5EB40}.Release|Any CPU.Build.0 = Release|Any CPU
	EndGlobalSection
	GlobalSection(SolutionProperties) = preSolution
		HideSolutionNode = FALSE
	EndGlobalSection
	GlobalSection(ExtensibilityGlobals) = postSolution
		SolutionGuid = {B8D42675-A708-4C41-9E5F-66BD456384B6}
	EndGlobalSection
EndGlobal
